PODS:
  - MobilliumDateFormatter (1.2.0)

DEPENDENCIES:
  - MobilliumDateFormatter (from `../`)

EXTERNAL SOURCES:
  MobilliumDateFormatter:
    :path: "../"

SPEC CHECKSUMS:
  MobilliumDateFormatter: f147d1af5fcf6096ef40489fd6855698fe4f5d3d

PODFILE CHECKSUM: 873107ad216c46c49665232acadad65fc6e21ea1

COCOAPODS: 1.10.1
