PODS:
  - MobilliumDateFormatter (1.0.1)

DEPENDENCIES:
  - MobilliumDateFormatter (from `../`)

EXTERNAL SOURCES:
  MobilliumDateFormatter:
    :path: "../"

SPEC CHECKSUMS:
  MobilliumDateFormatter: 7d2c1b4f33f7bc4cb67860a0c53c228409cfa528

PODFILE CHECKSUM: 873107ad216c46c49665232acadad65fc6e21ea1

COCOAPODS: 1.10.1
