PODS:
  - MobilliumDateFormatter (1.1.0)

DEPENDENCIES:
  - MobilliumDateFormatter (from `../`)

EXTERNAL SOURCES:
  MobilliumDateFormatter:
    :path: "../"

SPEC CHECKSUMS:
  MobilliumDateFormatter: eccff23e7c493446d1600b123afc7a2da0e7b3cb

PODFILE CHECKSUM: 873107ad216c46c49665232acadad65fc6e21ea1

COCOAPODS: 1.10.0
